<?xml version="1.0" encoding="utf-8"?>
<Project ToolsVersion="4.0" xmlns="http://schemas.microsoft.com/developer/msbuild/2003">
  <ItemGroup>
    <Filter Include="Файлы ресурсов">
      <UniqueIdentifier>{67DA6AB6-F800-4c08-8B7A-83BB121AAD01}</UniqueIdentifier>
      <Extensions>rc;ico;cur;bmp;dlg;rc2;rct;bin;rgs;gif;jpg;jpeg;jpe;resx;tiff;tif;png;wav</Extensions>
    </Filter>
    <Filter Include="GUI">
      <UniqueIdentifier>{35525490-23f6-4df1-a2bb-f922e24a7212}</UniqueIdentifier>
    </Filter>
    <Filter Include="Utilities">
      <UniqueIdentifier>{4bfef8cb-be6f-4577-922d-e49afb895ae1}</UniqueIdentifier>
    </Filter>
  </ItemGroup>
  <ItemGroup>
    <ResourceCompile Include="common.rc">
      <Filter>Файлы ресурсов</Filter>
    </ResourceCompile>
  </ItemGroup>
  <ItemGroup>
    <ClCompile Include="source\GUI\DialogAbout.cpp">
      <Filter>GUI</Filter>
    </ClCompile>
    <ClCompile Include="source\GUI\DialogBatch.cpp">
      <Filter>GUI</Filter>
    </ClCompile>
    <ClCompile Include="source\GUI\WindowMain.cpp">
      <Filter>GUI</Filter>
    </ClCompile>
    <ClCompile Include="source\GUI\Application.cpp">
      <Filter>GUI</Filter>
    </ClCompile>
    <ClCompile Include="source\Utilities\FileSystemUtilities.cpp">
      <Filter>Utilities</Filter>
    </ClCompile>
    <ClCompile Include="source\Utilities\WeiDUTranslationUtilities.cpp">
      <Filter>Utilities</Filter>
    </ClCompile>
    <ClCompile Include="source\Utilities\TranslationFileActions.cpp">
      <Filter>Utilities</Filter>
    </ClCompile>
    <ClCompile Include="source\Utilities\Configuration.cpp">
      <Filter>Utilities</Filter>
    </ClCompile>
    <ClCompile Include="source\Utilities\TranslationFileInfo.cpp">
      <Filter>Utilities</Filter>
    </ClCompile>
    <ClCompile Include="source\GUI\DialogCompareFolders.cpp">
      <Filter>GUI</Filter>
    </ClCompile>
  </ItemGroup>
  <ItemGroup>
    <ClInclude Include="include\GUI\DialogBatch.h">
      <Filter>GUI</Filter>
    </ClInclude>
    <ClInclude Include="include\GUI\WindowMain.h">
      <Filter>GUI</Filter>
    </ClInclude>
    <ClInclude Include="include\GUI\Application.h">
      <Filter>GUI</Filter>
    </ClInclude>
    <ClInclude Include="include\GUI\DialogAbout.h">
      <Filter>GUI</Filter>
    </ClInclude>
    <ClInclude Include="include\Utilities\FileSystemUtilities.h">
      <Filter>Utilities</Filter>
    </ClInclude>
    <ClInclude Include="include\Utilities\WeiDUTranslationUtilities.h">
      <Filter>Utilities</Filter>
    </ClInclude>
    <ClInclude Include="include\Utilities\TranslationFileActions.h">
      <Filter>Utilities</Filter>
    </ClInclude>
    <ClInclude Include="include\Utilities\TranslationFileInfo.h">
      <Filter>Utilities</Filter>
    </ClInclude>
    <ClInclude Include="include\Utilities\Configuration.h">
      <Filter>Utilities</Filter>
    </ClInclude>
    <ClInclude Include="include\GUI\DialogCompareFolders.h">
      <Filter>GUI</Filter>
    </ClInclude>
  </ItemGroup>
</Project>